
Microsoft Visual Studio Solution File, Format Version 12.00
# Visual Studio Version 17
VisualStudioVersion = 17.10.35013.160
MinimumVisualStudioVersion = 10.0.40219.1
Project("{9A19103F-16F7-4668-BE54-9A1E7A4F7556}") = "Store", "Store\Store.csproj", "{3C7D344A-2350-45B1-9F13-E7CC0F822F5B}"
EndProject
Project("{9A19103F-16F7-4668-BE54-9A1E7A4F7556}") = "Repositories", "Repositories\Repositories.csproj", "{23D5119C-A302-4259-BF03-035DB1D866C0}"
EndProject
Project("{9A19103F-16F7-4668-BE54-9A1E7A4F7556}") = "Services", "Services\Services.csproj", "{901E7257-2872-41A6-BDAE-17E30CDA80B1}"
EndProject
Project("{9A19103F-16F7-4668-BE54-9A1E7A4F7556}") = "Entities", "Entities\Entities.csproj", "{4840E719-7EDA-4A87-8668-364744A28C3F}"
EndProject
Project("{2150E333-8FDC-42A3-9474-1A3956D46DE8}") = "Solution Items", "Solution Items", "{C10DDC5F-B7AC-4A46-9F4E-0B43C2274A4D}"
EndProject
Global
	GlobalSection(SolutionConfigurationPlatforms) = preSolution
		Debug|Any CPU = Debug|Any CPU
		Release|Any CPU = Release|Any CPU
	EndGlobalSection
	GlobalSection(ProjectConfigurationPlatforms) = postSolution
		{3C7D344A-2350-45B1-9F13-E7CC0F822F5B}.Debug|Any CPU.ActiveCfg = Debug|Any CPU
		{3C7D344A-2350-45B1-9F13-E7CC0F822F5B}.Debug|Any CPU.Build.0 = Debug|Any CPU
		{3C7D344A-2350-45B1-9F13-E7CC0F822F5B}.Release|Any CPU.ActiveCfg = Release|Any CPU
		{3C7D344A-2350-45B1-9F13-E7CC0F822F5B}.Release|Any CPU.Build.0 = Release|Any CPU
		{23D5119C-A302-4259-BF03-035DB1D866C0}.Debug|Any CPU.ActiveCfg = Debug|Any CPU
		{23D5119C-A302-4259-BF03-035DB1D866C0}.Debug|Any CPU.Build.0 = Debug|Any CPU
		{23D5119C-A302-4259-BF03-035DB1D866C0}.Release|Any CPU.ActiveCfg = Release|Any CPU
		{23D5119C-A302-4259-BF03-035DB1D866C0}.Release|Any CPU.Build.0 = Release|Any CPU
		{901E7257-2872-41A6-BDAE-17E30CDA80B1}.Debug|Any CPU.ActiveCfg = Debug|Any CPU
		{901E7257-2872-41A6-BDAE-17E30CDA80B1}.Debug|Any CPU.Build.0 = Debug|Any CPU
		{901E7257-2872-41A6-BDAE-17E30CDA80B1}.Release|Any CPU.ActiveCfg = Release|Any CPU
		{901E7257-2872-41A6-BDAE-17E30CDA80B1}.Release|Any CPU.Build.0 = Release|Any CPU
		{4840E719-7EDA-4A87-8668-364744A28C3F}.Debug|Any CPU.ActiveCfg = Debug|Any CPU
		{4840E719-7EDA-4A87-8668-364744A28C3F}.Debug|Any CPU.Build.0 = Debug|Any CPU
		{4840E719-7EDA-4A87-8668-364744A28C3F}.Release|Any CPU.ActiveCfg = Release|Any CPU
		{4840E719-7EDA-4A87-8668-364744A28C3F}.Release|Any CPU.Build.0 = Release|Any CPU
	EndGlobalSection
	GlobalSection(SolutionProperties) = preSolution
		HideSolutionNode = FALSE
	EndGlobalSection
	GlobalSection(ExtensibilityGlobals) = postSolution
		SolutionGuid = {FC314F4D-D3DE-4062-86B9-9373ABB6D01F}
	EndGlobalSection
EndGlobal
